// !$*UTF8*$!
{
	archiveVersion = 1;
	classes = {
	};
	objectVersion = 50;
	objects = {

/* Begin PBXBuildFile section */
		BEA9471924B3732F004A77B4 /* Tests_iOS.swift in Sources */ = {isa = PBXBuildFile; fileRef = BEA9471824B3732F004A77B4 /* Tests_iOS.swift */; };
		BEA9472424B3732F004A77B4 /* Tests_macOS.swift in Sources */ = {isa = PBXBuildFile; fileRef = BEA9472324B3732F004A77B4 /* Tests_macOS.swift */; };
		BEA9472624B3732F004A77B4 /* QDictApp.swift in Sources */ = {isa = PBXBuildFile; fileRef = BEA946FD24B3732E004A77B4 /* QDictApp.swift */; };
		BEA9472724B3732F004A77B4 /* QDictApp.swift in Sources */ = {isa = PBXBuildFile; fileRef = BEA946FD24B3732E004A77B4 /* QDictApp.swift */; };
		BEA9472824B3732F004A77B4 /* ContentView.swift in Sources */ = {isa = PBXBuildFile; fileRef = BEA946FE24B3732E004A77B4 /* ContentView.swift */; };
		BEA9472924B3732F004A77B4 /* ContentView.swift in Sources */ = {isa = PBXBuildFile; fileRef = BEA946FE24B3732E004A77B4 /* ContentView.swift */; };
		BEA9472A24B3732F004A77B4 /* Assets.xcassets in Resources */ = {isa = PBXBuildFile; fileRef = BEA946FF24B3732F004A77B4 /* Assets.xcassets */; };
		BEA9472B24B3732F004A77B4 /* Assets.xcassets in Resources */ = {isa = PBXBuildFile; fileRef = BEA946FF24B3732F004A77B4 /* Assets.xcassets */; };
/* End PBXBuildFile section */

/* Begin PBXContainerItemProxy section */
		BEA9471524B3732F004A77B4 /* PBXContainerItemProxy */ = {
			isa = PBXContainerItemProxy;
			containerPortal = BEA946F824B3732E004A77B4 /* Project object */;
			proxyType = 1;
			remoteGlobalIDString = BEA9470324B3732F004A77B4;
			remoteInfo = iOS;
		};
		BEA9472024B3732F004A77B4 /* PBXContainerItemProxy */ = {
			isa = PBXContainerItemProxy;
			containerPortal = BEA946F824B3732E004A77B4 /* Project object */;
			proxyType = 1;
			remoteGlobalIDString = BEA9470B24B3732F004A77B4;
			remoteInfo = macOS;
		};
/* End PBXContainerItemProxy section */

/* Begin PBXFileReference section */
		BEA946FD24B3732E004A77B4 /* QDictApp.swift */ = {isa = PBXFileReference; lastKnownFileType = sourcecode.swift; path = QDictApp.swift; sourceTree = "<group>"; };
		BEA946FE24B3732E004A77B4 /* ContentView.swift */ = {isa = PBXFileReference; lastKnownFileType = sourcecode.swift; path = ContentView.swift; sourceTree = "<group>"; };
		BEA946FF24B3732F004A77B4 /* Assets.xcassets */ = {isa = PBXFileReference; lastKnownFileType = folder.assetcatalog; path = Assets.xcassets; sourceTree = "<group>"; };
		BEA9470424B3732F004A77B4 /* QDict.app */ = {isa = PBXFileReference; explicitFileType = wrapper.application; includeInIndex = 0; path = QDict.app; sourceTree = BUILT_PRODUCTS_DIR; };
		BEA9470724B3732F004A77B4 /* Info.plist */ = {isa = PBXFileReference; lastKnownFileType = text.plist.xml; path = Info.plist; sourceTree = "<group>"; };
		BEA9470C24B3732F004A77B4 /* QDict.app */ = {isa = PBXFileReference; explicitFileType = wrapper.application; includeInIndex = 0; path = QDict.app; sourceTree = BUILT_PRODUCTS_DIR; };
		BEA9470E24B3732F004A77B4 /* Info.plist */ = {isa = PBXFileReference; lastKnownFileType = text.plist.xml; path = Info.plist; sourceTree = "<group>"; };
		BEA9470F24B3732F004A77B4 /* macOS.entitlements */ = {isa = PBXFileReference; lastKnownFileType = text.plist.entitlements; path = macOS.entitlements; sourceTree = "<group>"; };
		BEA9471424B3732F004A77B4 /* Tests iOS.xctest */ = {isa = PBXFileReference; explicitFileType = wrapper.cfbundle; includeInIndex = 0; path = "Tests iOS.xctest"; sourceTree = BUILT_PRODUCTS_DIR; };
		BEA9471824B3732F004A77B4 /* Tests_iOS.swift */ = {isa = PBXFileReference; lastKnownFileType = sourcecode.swift; path = Tests_iOS.swift; sourceTree = "<group>"; };
		BEA9471A24B3732F004A77B4 /* Info.plist */ = {isa = PBXFileReference; lastKnownFileType = text.plist.xml; path = Info.plist; sourceTree = "<group>"; };
		BEA9471F24B3732F004A77B4 /* Tests macOS.xctest */ = {isa = PBXFileReference; explicitFileType = wrapper.cfbundle; includeInIndex = 0; path = "Tests macOS.xctest"; sourceTree = BUILT_PRODUCTS_DIR; };
		BEA9472324B3732F004A77B4 /* Tests_macOS.swift */ = {isa = PBXFileReference; lastKnownFileType = sourcecode.swift; path = Tests_macOS.swift; sourceTree = "<group>"; };
		BEA9472524B3732F004A77B4 /* Info.plist */ = {isa = PBXFileReference; lastKnownFileType = text.plist.xml; path = Info.plist; sourceTree = "<group>"; };
/* End PBXFileReference section */

/* Begin PBXFrameworksBuildPhase section */
		BEA9470124B3732F004A77B4 /* Frameworks */ = {
			isa = PBXFrameworksBuildPhase;
			buildActionMask = 2147483647;
			files = (
			);
			runOnlyForDeploymentPostprocessing = 0;
		};
		BEA9470924B3732F004A77B4 /* Frameworks */ = {
			isa = PBXFrameworksBuildPhase;
			buildActionMask = 2147483647;
			files = (
			);
			runOnlyForDeploymentPostprocessing = 0;
		};
		BEA9471124B3732F004A77B4 /* Frameworks */ = {
			isa = PBXFrameworksBuildPhase;
			buildActionMask = 2147483647;
			files = (
			);
			runOnlyForDeploymentPostprocessing = 0;
		};
		BEA9471C24B3732F004A77B4 /* Frameworks */ = {
			isa = PBXFrameworksBuildPhase;
			buildActionMask = 2147483647;
			files = (
			);
			runOnlyForDeploymentPostprocessing = 0;
		};
/* End PBXFrameworksBuildPhase section */

/* Begin PBXGroup section */
		BEA946F724B3732E004A77B4 = {
			isa = PBXGroup;
			children = (
				BEA946FC24B3732E004A77B4 /* Shared */,
				BEA9470624B3732F004A77B4 /* iOS */,
				BEA9470D24B3732F004A77B4 /* macOS */,
				BEA9471724B3732F004A77B4 /* Tests iOS */,
				BEA9472224B3732F004A77B4 /* Tests macOS */,
				BEA9470524B3732F004A77B4 /* Products */,
			);
			sourceTree = "<group>";
		};
		BEA946FC24B3732E004A77B4 /* Shared */ = {
			isa = PBXGroup;
			children = (
				BEA946FD24B3732E004A77B4 /* QDictApp.swift */,
				BEA946FE24B3732E004A77B4 /* ContentView.swift */,
				BEA946FF24B3732F004A77B4 /* Assets.xcassets */,
			);
			path = Shared;
			sourceTree = "<group>";
		};
		BEA9470524B3732F004A77B4 /* Products */ = {
			isa = PBXGroup;
			children = (
				BEA9470424B3732F004A77B4 /* QDict.app */,
				BEA9470C24B3732F004A77B4 /* QDict.app */,
				BEA9471424B3732F004A77B4 /* Tests iOS.xctest */,
				BEA9471F24B3732F004A77B4 /* Tests macOS.xctest */,
			);
			name = Products;
			sourceTree = "<group>";
		};
		BEA9470624B3732F004A77B4 /* iOS */ = {
			isa = PBXGroup;
			children = (
				BEA9470724B3732F004A77B4 /* Info.plist */,
			);
			path = iOS;
			sourceTree = "<group>";
		};
		BEA9470D24B3732F004A77B4 /* macOS */ = {
			isa = PBXGroup;
			children = (
				BEA9470E24B3732F004A77B4 /* Info.plist */,
				BEA9470F24B3732F004A77B4 /* macOS.entitlements */,
			);
			path = macOS;
			sourceTree = "<group>";
		};
		BEA9471724B3732F004A77B4 /* Tests iOS */ = {
			isa = PBXGroup;
			children = (
				BEA9471824B3732F004A77B4 /* Tests_iOS.swift */,
				BEA9471A24B3732F004A77B4 /* Info.plist */,
			);
			path = "Tests iOS";
			sourceTree = "<group>";
		};
		BEA9472224B3732F004A77B4 /* Tests macOS */ = {
			isa = PBXGroup;
			children = (
				BEA9472324B3732F004A77B4 /* Tests_macOS.swift */,
				BEA9472524B3732F004A77B4 /* Info.plist */,
			);
			path = "Tests macOS";
			sourceTree = "<group>";
		};
/* End PBXGroup section */

/* Begin PBXNativeTarget section */
		BEA9470324B3732F004A77B4 /* iOS */ = {
			isa = PBXNativeTarget;
			buildConfigurationList = BEA9472E24B3732F004A77B4 /* Build configuration list for PBXNativeTarget "iOS" */;
			buildPhases = (
				BEA9470024B3732F004A77B4 /* Sources */,
				BEA9470124B3732F004A77B4 /* Frameworks */,
				BEA9470224B3732F004A77B4 /* Resources */,
			);
			buildRules = (
			);
			dependencies = (
			);
			name = iOS;
			productName = iOS;
			productReference = BEA9470424B3732F004A77B4 /* QDict.app */;
			productType = "com.apple.product-type.application";
		};
		BEA9470B24B3732F004A77B4 /* macOS */ = {
			isa = PBXNativeTarget;
			buildConfigurationList = BEA9473124B3732F004A77B4 /* Build configuration list for PBXNativeTarget "macOS" */;
			buildPhases = (
				BEA9470824B3732F004A77B4 /* Sources */,
				BEA9470924B3732F004A77B4 /* Frameworks */,
				BEA9470A24B3732F004A77B4 /* Resources */,
			);
			buildRules = (
			);
			dependencies = (
			);
			name = macOS;
			productName = macOS;
			productReference = BEA9470C24B3732F004A77B4 /* QDict.app */;
			productType = "com.apple.product-type.application";
		};
		BEA9471324B3732F004A77B4 /* Tests iOS */ = {
			isa = PBXNativeTarget;
			buildConfigurationList = BEA9473424B3732F004A77B4 /* Build configuration list for PBXNativeTarget "Tests iOS" */;
			buildPhases = (
				BEA9471024B3732F004A77B4 /* Sources */,
				BEA9471124B3732F004A77B4 /* Frameworks */,
				BEA9471224B3732F004A77B4 /* Resources */,
			);
			buildRules = (
			);
			dependencies = (
				BEA9471624B3732F004A77B4 /* PBXTargetDependency */,
			);
			name = "Tests iOS";
			productName = "Tests iOS";
			productReference = BEA9471424B3732F004A77B4 /* Tests iOS.xctest */;
			productType = "com.apple.product-type.bundle.ui-testing";
		};
		BEA9471E24B3732F004A77B4 /* Tests macOS */ = {
			isa = PBXNativeTarget;
			buildConfigurationList = BEA9473724B3732F004A77B4 /* Build configuration list for PBXNativeTarget "Tests macOS" */;
			buildPhases = (
				BEA9471B24B3732F004A77B4 /* Sources */,
				BEA9471C24B3732F004A77B4 /* Frameworks */,
				BEA9471D24B3732F004A77B4 /* Resources */,
			);
			buildRules = (
			);
			dependencies = (
				BEA9472124B3732F004A77B4 /* PBXTargetDependency */,
			);
			name = "Tests macOS";
			productName = "Tests macOS";
			productReference = BEA9471F24B3732F004A77B4 /* Tests macOS.xctest */;
			productType = "com.apple.product-type.bundle.ui-testing";
		};
/* End PBXNativeTarget section */

/* Begin PBXProject section */
		BEA946F824B3732E004A77B4 /* Project object */ = {
			isa = PBXProject;
			attributes = {
				LastSwiftUpdateCheck = 1200;
				LastUpgradeCheck = 1200;
				TargetAttributes = {
					BEA9470324B3732F004A77B4 = {
						CreatedOnToolsVersion = 12.0;
					};
					BEA9470B24B3732F004A77B4 = {
						CreatedOnToolsVersion = 12.0;
					};
					BEA9471324B3732F004A77B4 = {
						CreatedOnToolsVersion = 12.0;
						TestTargetID = BEA9470324B3732F004A77B4;
					};
					BEA9471E24B3732F004A77B4 = {
						CreatedOnToolsVersion = 12.0;
						TestTargetID = BEA9470B24B3732F004A77B4;
					};
				};
			};
			buildConfigurationList = BEA946FB24B3732E004A77B4 /* Build configuration list for PBXProject "QDict" */;
			compatibilityVersion = "Xcode 9.3";
			developmentRegion = en;
			hasScannedForEncodings = 0;
			knownRegions = (
				en,
				Base,
			);
			mainGroup = BEA946F724B3732E004A77B4;
			productRefGroup = BEA9470524B3732F004A77B4 /* Products */;
			projectDirPath = "";
			projectRoot = "";
			targets = (
				BEA9470324B3732F004A77B4 /* iOS */,
				BEA9470B24B3732F004A77B4 /* macOS */,
				BEA9471324B3732F004A77B4 /* Tests iOS */,
				BEA9471E24B3732F004A77B4 /* Tests macOS */,
			);
		};
/* End PBXProject section */

/* Begin PBXResourcesBuildPhase section */
		BEA9470224B3732F004A77B4 /* Resources */ = {
			isa = PBXResourcesBuildPhase;
			buildActionMask = 2147483647;
			files = (
				BEA9472A24B3732F004A77B4 /* Assets.xcassets in Resources */,
			);
			runOnlyForDeploymentPostprocessing = 0;
		};
		BEA9470A24B3732F004A77B4 /* Resources */ = {
			isa = PBXResourcesBuildPhase;
			buildActionMask = 2147483647;
			files = (
				BEA9472B24B3732F004A77B4 /* Assets.xcassets in Resources */,
			);
			runOnlyForDeploymentPostprocessing = 0;
		};
		BEA9471224B3732F004A77B4 /* Resources */ = {
			isa = PBXResourcesBuildPhase;
			buildActionMask = 2147483647;
			files = (
			);
			runOnlyForDeploymentPostprocessing = 0;
		};
		BEA9471D24B3732F004A77B4 /* Resources */ = {
			isa = PBXResourcesBuildPhase;
			buildActionMask = 2147483647;
			files = (
			);
			runOnlyForDeploymentPostprocessing = 0;
		};
/* End PBXResourcesBuildPhase section */

/* Begin PBXSourcesBuildPhase section */
		BEA9470024B3732F004A77B4 /* Sources */ = {
			isa = PBXSourcesBuildPhase;
			buildActionMask = 2147483647;
			files = (
				BEA9472824B3732F004A77B4 /* ContentView.swift in Sources */,
				BEA9472624B3732F004A77B4 /* QDictApp.swift in Sources */,
			);
			runOnlyForDeploymentPostprocessing = 0;
		};
		BEA9470824B3732F004A77B4 /* Sources */ = {
			isa = PBXSourcesBuildPhase;
			buildActionMask = 2147483647;
			files = (
				BEA9472924B3732F004A77B4 /* ContentView.swift in Sources */,
				BEA9472724B3732F004A77B4 /* QDictApp.swift in Sources */,
			);
			runOnlyForDeploymentPostprocessing = 0;
		};
		BEA9471024B3732F004A77B4 /* Sources */ = {
			isa = PBXSourcesBuildPhase;
			buildActionMask = 2147483647;
			files = (
				BEA9471924B3732F004A77B4 /* Tests_iOS.swift in Sources */,
			);
			runOnlyForDeploymentPostprocessing = 0;
		};
		BEA9471B24B3732F004A77B4 /* Sources */ = {
			isa = PBXSourcesBuildPhase;
			buildActionMask = 2147483647;
			files = (
				BEA9472424B3732F004A77B4 /* Tests_macOS.swift in Sources */,
			);
			runOnlyForDeploymentPostprocessing = 0;
		};
/* End PBXSourcesBuildPhase section */

/* Begin PBXTargetDependency section */
		BEA9471624B3732F004A77B4 /* PBXTargetDependency */ = {
			isa = PBXTargetDependency;
			target = BEA9470324B3732F004A77B4 /* iOS */;
			targetProxy = BEA9471524B3732F004A77B4 /* PBXContainerItemProxy */;
		};
		BEA9472124B3732F004A77B4 /* PBXTargetDependency */ = {
			isa = PBXTargetDependency;
			target = BEA9470B24B3732F004A77B4 /* macOS */;
			targetProxy = BEA9472024B3732F004A77B4 /* PBXContainerItemProxy */;
		};
/* End PBXTargetDependency section */

/* Begin XCBuildConfiguration section */
		BEA9472C24B3732F004A77B4 /* Debug */ = {
			isa = XCBuildConfiguration;
			buildSettings = {
				ALWAYS_SEARCH_USER_PATHS = NO;
				CLANG_ANALYZER_NONNULL = YES;
				CLANG_ANALYZER_NUMBER_OBJECT_CONVERSION = YES_AGGRESSIVE;
				CLANG_CXX_LANGUAGE_STANDARD = "gnu++14";
				CLANG_CXX_LIBRARY = "libc++";
				CLANG_ENABLE_MODULES = YES;
				CLANG_ENABLE_OBJC_ARC = YES;
				CLANG_ENABLE_OBJC_WEAK = YES;
				CLANG_WARN_BLOCK_CAPTURE_AUTORELEASING = YES;
				CLANG_WARN_BOOL_CONVERSION = YES;
				CLANG_WARN_COMMA = YES;
				CLANG_WARN_CONSTANT_CONVERSION = YES;
				CLANG_WARN_DEPRECATED_OBJC_IMPLEMENTATIONS = YES;
				CLANG_WARN_DIRECT_OBJC_ISA_USAGE = YES_ERROR;
				CLANG_WARN_DOCUMENTATION_COMMENTS = YES;
				CLANG_WARN_EMPTY_BODY = YES;
				CLANG_WARN_ENUM_CONVERSION = YES;
				CLANG_WARN_INFINITE_RECURSION = YES;
				CLANG_WARN_INT_CONVERSION = YES;
				CLANG_WARN_NON_LITERAL_NULL_CONVERSION = YES;
				CLANG_WARN_OBJC_IMPLICIT_RETAIN_SELF = YES;
				CLANG_WARN_OBJC_LITERAL_CONVERSION = YES;
				CLANG_WARN_OBJC_ROOT_CLASS = YES_ERROR;
				CLANG_WARN_QUOTED_INCLUDE_IN_FRAMEWORK_HEADER = YES;
				CLANG_WARN_RANGE_LOOP_ANALYSIS = YES;
				CLANG_WARN_STRICT_PROTOTYPES = YES;
				CLANG_WARN_SUSPICIOUS_MOVE = YES;
				CLANG_WARN_UNGUARDED_AVAILABILITY = YES_AGGRESSIVE;
				CLANG_WARN_UNREACHABLE_CODE = YES;
				CLANG_WARN__DUPLICATE_METHOD_MATCH = YES;
				COPY_PHASE_STRIP = NO;
				DEBUG_INFORMATION_FORMAT = dwarf;
				ENABLE_STRICT_OBJC_MSGSEND = YES;
				ENABLE_TESTABILITY = YES;
				GCC_C_LANGUAGE_STANDARD = gnu11;
				GCC_DYNAMIC_NO_PIC = NO;
				GCC_NO_COMMON_BLOCKS = YES;
				GCC_OPTIMIZATION_LEVEL = 0;
				GCC_PREPROCESSOR_DEFINITIONS = (
					"DEBUG=1",
					"$(inherited)",
				);
				GCC_WARN_64_TO_32_BIT_CONVERSION = YES;
				GCC_WARN_ABOUT_RETURN_TYPE = YES_ERROR;
				GCC_WARN_UNDECLARED_SELECTOR = YES;
				GCC_WARN_UNINITIALIZED_AUTOS = YES_AGGRESSIVE;
				GCC_WARN_UNUSED_FUNCTION = YES;
				GCC_WARN_UNUSED_VARIABLE = YES;
				MTL_ENABLE_DEBUG_INFO = INCLUDE_SOURCE;
				MTL_FAST_MATH = YES;
				ONLY_ACTIVE_ARCH = YES;
				SWIFT_ACTIVE_COMPILATION_CONDITIONS = DEBUG;
				SWIFT_OPTIMIZATION_LEVEL = "-Onone";
			};
			name = Debug;
		};
		BEA9472D24B3732F004A77B4 /* Release */ = {
			isa = XCBuildConfiguration;
			buildSettings = {
				ALWAYS_SEARCH_USER_PATHS = NO;
				CLANG_ANALYZER_NONNULL = YES;
				CLANG_ANALYZER_NUMBER_OBJECT_CONVERSION = YES_AGGRESSIVE;
				CLANG_CXX_LANGUAGE_STANDARD = "gnu++14";
				CLANG_CXX_LIBRARY = "libc++";
				CLANG_ENABLE_MODULES = YES;
				CLANG_ENABLE_OBJC_ARC = YES;
				CLANG_ENABLE_OBJC_WEAK = YES;
				CLANG_WARN_BLOCK_CAPTURE_AUTORELEASING = YES;
				CLANG_WARN_BOOL_CONVERSION = YES;
				CLANG_WARN_COMMA = YES;
				CLANG_WARN_CONSTANT_CONVERSION = YES;
				CLANG_WARN_DEPRECATED_OBJC_IMPLEMENTATIONS = YES;
				CLANG_WARN_DIRECT_OBJC_ISA_USAGE = YES_ERROR;
				CLANG_WARN_DOCUMENTATION_COMMENTS = YES;
				CLANG_WARN_EMPTY_BODY = YES;
				CLANG_WARN_ENUM_CONVERSION = YES;
				CLANG_WARN_INFINITE_RECURSION = YES;
				CLANG_WARN_INT_CONVERSION = YES;
				CLANG_WARN_NON_LITERAL_NULL_CONVERSION = YES;
				CLANG_WARN_OBJC_IMPLICIT_RETAIN_SELF = YES;
				CLANG_WARN_OBJC_LITERAL_CONVERSION = YES;
				CLANG_WARN_OBJC_ROOT_CLASS = YES_ERROR;
				CLANG_WARN_QUOTED_INCLUDE_IN_FRAMEWORK_HEADER = YES;
				CLANG_WARN_RANGE_LOOP_ANALYSIS = YES;
				CLANG_WARN_STRICT_PROTOTYPES = YES;
				CLANG_WARN_SUSPICIOUS_MOVE = YES;
				CLANG_WARN_UNGUARDED_AVAILABILITY = YES_AGGRESSIVE;
				CLANG_WARN_UNREACHABLE_CODE = YES;
				CLANG_WARN__DUPLICATE_METHOD_MATCH = YES;
				COPY_PHASE_STRIP = NO;
				DEBUG_INFORMATION_FORMAT = "dwarf-with-dsym";
				ENABLE_NS_ASSERTIONS = NO;
				ENABLE_STRICT_OBJC_MSGSEND = YES;
				GCC_C_LANGUAGE_STANDARD = gnu11;
				GCC_NO_COMMON_BLOCKS = YES;
				GCC_WARN_64_TO_32_BIT_CONVERSION = YES;
				GCC_WARN_ABOUT_RETURN_TYPE = YES_ERROR;
				GCC_WARN_UNDECLARED_SELECTOR = YES;
				GCC_WARN_UNINITIALIZED_AUTOS = YES_AGGRESSIVE;
				GCC_WARN_UNUSED_FUNCTION = YES;
				GCC_WARN_UNUSED_VARIABLE = YES;
				MTL_ENABLE_DEBUG_INFO = NO;
				MTL_FAST_MATH = YES;
				SWIFT_COMPILATION_MODE = wholemodule;
				SWIFT_OPTIMIZATION_LEVEL = "-O";
			};
			name = Release;
		};
		BEA9472F24B3732F004A77B4 /* Debug */ = {
			isa = XCBuildConfiguration;
			buildSettings = {
				ASSETCATALOG_COMPILER_APPICON_NAME = AppIcon;
				ASSETCATALOG_COMPILER_GLOBAL_ACCENT_COLOR_NAME = AccentColor;
				CODE_SIGN_STYLE = Automatic;
				DEVELOPMENT_TEAM = 5735V89Z5V;
				ENABLE_PREVIEWS = YES;
				INFOPLIST_FILE = iOS/Info.plist;
				IPHONEOS_DEPLOYMENT_TARGET = 14.0;
				LD_RUNPATH_SEARCH_PATHS = (
					"$(inherited)",
					"@executable_path/Frameworks",
				);
				PRODUCT_BUNDLE_IDENTIFIER = com.socspy.QDict;
				PRODUCT_NAME = QDict;
				SDKROOT = iphoneos;
				SWIFT_VERSION = 5.0;
				TARGETED_DEVICE_FAMILY = "1,2";
			};
			name = Debug;
		};
		BEA9473024B3732F004A77B4 /* Release */ = {
			isa = XCBuildConfiguration;
			buildSettings = {
				ASSETCATALOG_COMPILER_APPICON_NAME = AppIcon;
				ASSETCATALOG_COMPILER_GLOBAL_ACCENT_COLOR_NAME = AccentColor;
				CODE_SIGN_STYLE = Automatic;
				DEVELOPMENT_TEAM = 5735V89Z5V;
				ENABLE_PREVIEWS = YES;
				INFOPLIST_FILE = iOS/Info.plist;
				IPHONEOS_DEPLOYMENT_TARGET = 14.0;
				LD_RUNPATH_SEARCH_PATHS = (
					"$(inherited)",
					"@executable_path/Frameworks",
				);
				PRODUCT_BUNDLE_IDENTIFIER = com.socspy.QDict;
				PRODUCT_NAME = QDict;
				SDKROOT = iphoneos;
				SWIFT_VERSION = 5.0;
				TARGETED_DEVICE_FAMILY = "1,2";
				VALIDATE_PRODUCT = YES;
			};
			name = Release;
		};
		BEA9473224B3732F004A77B4 /* Debug */ = {
			isa = XCBuildConfiguration;
			buildSettings = {
				ASSETCATALOG_COMPILER_APPICON_NAME = AppIcon;
				ASSETCATALOG_COMPILER_GLOBAL_ACCENT_COLOR_NAME = AccentColor;
				CODE_SIGN_ENTITLEMENTS = macOS/macOS.entitlements;
				CODE_SIGN_STYLE = Automatic;
				COMBINE_HIDPI_IMAGES = YES;
				DEVELOPMENT_TEAM = 5735V89Z5V;
				ENABLE_HARDENED_RUNTIME = YES;
				ENABLE_PREVIEWS = YES;
				INFOPLIST_FILE = macOS/Info.plist;
				LD_RUNPATH_SEARCH_PATHS = (
					"$(inherited)",
					"@executable_path/../Frameworks",
				);
				MACOSX_DEPLOYMENT_TARGET = 10.16;
				PRODUCT_BUNDLE_IDENTIFIER = com.socspy.QDict;
				PRODUCT_NAME = QDict;
				SDKROOT = macosx;
				SWIFT_VERSION = 5.0;
			};
			name = Debug;
		};
		BEA9473324B3732F004A77B4 /* Release */ = {
			isa = XCBuildConfiguration;
			buildSettings = {
				ASSETCATALOG_COMPILER_APPICON_NAME = AppIcon;
				ASSETCATALOG_COMPILER_GLOBAL_ACCENT_COLOR_NAME = AccentColor;
				CODE_SIGN_ENTITLEMENTS = macOS/macOS.entitlements;
				CODE_SIGN_STYLE = Automatic;
				COMBINE_HIDPI_IMAGES = YES;
				DEVELOPMENT_TEAM = 5735V89Z5V;
				ENABLE_HARDENED_RUNTIME = YES;
				ENABLE_PREVIEWS = YES;
				INFOPLIST_FILE = macOS/Info.plist;
				LD_RUNPATH_SEARCH_PATHS = (
					"$(inherited)",
					"@executable_path/../Frameworks",
				);
				MACOSX_DEPLOYMENT_TARGET = 10.16;
				PRODUCT_BUNDLE_IDENTIFIER = com.socspy.QDict;
				PRODUCT_NAME = QDict;
				SDKROOT = macosx;
				SWIFT_VERSION = 5.0;
			};
			name = Release;
		};
		BEA9473524B3732F004A77B4 /* Debug */ = {
			isa = XCBuildConfiguration;
			buildSettings = {
				ALWAYS_EMBED_SWIFT_STANDARD_LIBRARIES = YES;
				CODE_SIGN_STYLE = Automatic;
				DEVELOPMENT_TEAM = 5735V89Z5V;
				INFOPLIST_FILE = "Tests iOS/Info.plist";
				IPHONEOS_DEPLOYMENT_TARGET = 14.0;
				LD_RUNPATH_SEARCH_PATHS = (
					"$(inherited)",
					"@executable_path/Frameworks",
					"@loader_path/Frameworks",
				);
				PRODUCT_BUNDLE_IDENTIFIER = "com.socspy.Tests-iOS";
				PRODUCT_NAME = "$(TARGET_NAME)";
				SDKROOT = iphoneos;
				SWIFT_VERSION = 5.0;
				TARGETED_DEVICE_FAMILY = "1,2";
				TEST_TARGET_NAME = iOS;
			};
			name = Debug;
		};
		BEA9473624B3732F004A77B4 /* Release */ = {
			isa = XCBuildConfiguration;
			buildSettings = {
				ALWAYS_EMBED_SWIFT_STANDARD_LIBRARIES = YES;
				CODE_SIGN_STYLE = Automatic;
				DEVELOPMENT_TEAM = 5735V89Z5V;
				INFOPLIST_FILE = "Tests iOS/Info.plist";
				IPHONEOS_DEPLOYMENT_TARGET = 14.0;
				LD_RUNPATH_SEARCH_PATHS = (
					"$(inherited)",
					"@executable_path/Frameworks",
					"@loader_path/Frameworks",
				);
				PRODUCT_BUNDLE_IDENTIFIER = "com.socspy.Tests-iOS";
				PRODUCT_NAME = "$(TARGET_NAME)";
				SDKROOT = iphoneos;
				SWIFT_VERSION = 5.0;
				TARGETED_DEVICE_FAMILY = "1,2";
				TEST_TARGET_NAME = iOS;
				VALIDATE_PRODUCT = YES;
			};
			name = Release;
		};
		BEA9473824B3732F004A77B4 /* Debug */ = {
			isa = XCBuildConfiguration;
			buildSettings = {
				ALWAYS_EMBED_SWIFT_STANDARD_LIBRARIES = YES;
				CODE_SIGN_STYLE = Automatic;
				COMBINE_HIDPI_IMAGES = YES;
				DEVELOPMENT_TEAM = 5735V89Z5V;
				INFOPLIST_FILE = "Tests macOS/Info.plist";
				LD_RUNPATH_SEARCH_PATHS = (
					"$(inherited)",
					"@executable_path/../Frameworks",
					"@loader_path/../Frameworks",
				);
				MACOSX_DEPLOYMENT_TARGET = 10.15;
				PRODUCT_BUNDLE_IDENTIFIER = "com.socspy.Tests-macOS";
				PRODUCT_NAME = "$(TARGET_NAME)";
				SDKROOT = macosx;
				SWIFT_VERSION = 5.0;
				TEST_TARGET_NAME = macOS;
			};
			name = Debug;
		};
		BEA9473924B3732F004A77B4 /* Release */ = {
			isa = XCBuildConfiguration;
			buildSettings = {
				ALWAYS_EMBED_SWIFT_STANDARD_LIBRARIES = YES;
				CODE_SIGN_STYLE = Automatic;
				COMBINE_HIDPI_IMAGES = YES;
				DEVELOPMENT_TEAM = 5735V89Z5V;
				INFOPLIST_FILE = "Tests macOS/Info.plist";
				LD_RUNPATH_SEARCH_PATHS = (
					"$(inherited)",
					"@executable_path/../Frameworks",
					"@loader_path/../Frameworks",
				);
				MACOSX_DEPLOYMENT_TARGET = 10.15;
				PRODUCT_BUNDLE_IDENTIFIER = "com.socspy.Tests-macOS";
				PRODUCT_NAME = "$(TARGET_NAME)";
				SDKROOT = macosx;
				SWIFT_VERSION = 5.0;
				TEST_TARGET_NAME = macOS;
			};
			name = Release;
		};
/* End XCBuildConfiguration section */

/* Begin XCConfigurationList section */
		BEA946FB24B3732E004A77B4 /* Build configuration list for PBXProject "QDict" */ = {
			isa = XCConfigurationList;
			buildConfigurations = (
				BEA9472C24B3732F004A77B4 /* Debug */,
				BEA9472D24B3732F004A77B4 /* Release */,
			);
			defaultConfigurationIsVisible = 0;
			defaultConfigurationName = Release;
		};
		BEA9472E24B3732F004A77B4 /* Build configuration list for PBXNativeTarget "iOS" */ = {
			isa = XCConfigurationList;
			buildConfigurations = (
				BEA9472F24B3732F004A77B4 /* Debug */,
				BEA9473024B3732F004A77B4 /* Release */,
			);
			defaultConfigurationIsVisible = 0;
			defaultConfigurationName = Release;
		};
		BEA9473124B3732F004A77B4 /* Build configuration list for PBXNativeTarget "macOS" */ = {
			isa = XCConfigurationList;
			buildConfigurations = (
				BEA9473224B3732F004A77B4 /* Debug */,
				BEA9473324B3732F004A77B4 /* Release */,
			);
			defaultConfigurationIsVisible = 0;
			defaultConfigurationName = Release;
		};
		BEA9473424B3732F004A77B4 /* Build configuration list for PBXNativeTarget "Tests iOS" */ = {
			isa = XCConfigurationList;
			buildConfigurations = (
				BEA9473524B3732F004A77B4 /* Debug */,
				BEA9473624B3732F004A77B4 /* Release */,
			);
			defaultConfigurationIsVisible = 0;
			defaultConfigurationName = Release;
		};
		BEA9473724B3732F004A77B4 /* Build configuration list for PBXNativeTarget "Tests macOS" */ = {
			isa = XCConfigurationList;
			buildConfigurations = (
				BEA9473824B3732F004A77B4 /* Debug */,
				BEA9473924B3732F004A77B4 /* Release */,
			);
			defaultConfigurationIsVisible = 0;
			defaultConfigurationName = Release;
		};
/* End XCConfigurationList section */
	};
	rootObject = BEA946F824B3732E004A77B4 /* Project object */;
}
